
Microsoft Visual Studio Solution File, Format Version 12.00
# Visual Studio Version 16
VisualStudioVersion = 16.0.29613.14
MinimumVisualStudioVersion = 10.0.40219.1
Project("{8BC9CEB8-8B4A-11D0-8D11-00A0C91BC942}") = "mlb_recap", "mlb_recap\mlb_recap.vcxproj", "{DB62913B-0926-45B9-A47E-BA0099626682}"
EndProject
Global
	GlobalSection(SolutionConfigurationPlatforms) = preSolution
		Debug|x64 = Debug|x64
		Release|x64 = Release|x64
	EndGlobalSection
	GlobalSection(ProjectConfigurationPlatforms) = postSolution
		{DB62913B-0926-45B9-A47E-BA0099626682}.Debug|x64.ActiveCfg = Debug|x64
		{DB62913B-0926-45B9-A47E-BA0099626682}.Debug|x64.Build.0 = Debug|x64
		{DB62913B-0926-45B9-A47E-BA0099626682}.Release|x64.ActiveCfg = Release|x64
		{DB62913B-0926-45B9-A47E-BA0099626682}.Release|x64.Build.0 = Release|x64
	EndGlobalSection
	GlobalSection(SolutionProperties) = preSolution
		HideSolutionNode = FALSE
	EndGlobalSection
	GlobalSection(ExtensibilityGlobals) = postSolution
		SolutionGuid = {B3C8436B-BC60-4478-92AE-90FEAD661CAF}
	EndGlobalSection
EndGlobal
